<Solution>
  <Project Path="practice2-v1/practice2-v1.csproj" Id="11bea1fc-a040-4036-a64d-eff89e599d89" />
  <Project Path="practice2-v2/practice2-v2.csproj" Id="36439592-2f3f-456b-a046-ade00fe1c213" />
  <Project Path="practice2-v3/practice2-v3.csproj" Id="dcfbb75c-281c-4d9d-82e9-4c548c00f066" />
  <Project Path="practice2-v4/practice2-v4.csproj" Id="1006545e-c52f-4515-bf2b-099c22beac20" />
  <Project Path="practice2-v5/practice2-v5.csproj" Id="b968a37c-71a1-48db-a13f-fcc1cb34506a" />
</Solution>
